
Microsoft Visual Studio Solution File, Format Version 12.00
Project("{FAE04EC0-301F-11D3-BF4B-00C04F79EFBC}") = "Net", "Net\Net.csproj", "{0AE201E4-B296-4705-9070-A062C36EE466}"
EndProject
Global
	GlobalSection(SolutionConfigurationPlatforms) = preSolution
		Debug|Any CPU = Debug|Any CPU
		Release|Any CPU = Release|Any CPU
	EndGlobalSection
	GlobalSection(ProjectConfigurationPlatforms) = postSolution
		{0AE201E4-B296-4705-9070-A062C36EE466}.Debug|Any CPU.ActiveCfg = Debug|Any CPU
		{0AE201E4-B296-4705-9070-A062C36EE466}.Debug|Any CPU.Build.0 = Debug|Any CPU
		{0AE201E4-B296-4705-9070-A062C36EE466}.Release|Any CPU.ActiveCfg = Release|Any CPU
		{0AE201E4-B296-4705-9070-A062C36EE466}.Release|Any CPU.Build.0 = Release|Any CPU
	EndGlobalSection
EndGlobal
